
Microsoft Visual Studio Solution File, Format Version 12.00
# Visual Studio Version 17
VisualStudioVersion = 17.3.32811.315
MinimumVisualStudioVersion = 10.0.40219.1
Project("{2150E333-8FDC-42A3-9474-1A3956D46DE8}") = "KF.Tests", "KF.Tests", "{D6D1F7C5-4117-4160-A6AD-C323D29C1CD8}"
EndProject
Project("{2150E333-8FDC-42A3-9474-1A3956D46DE8}") = "KF.WebApi.Server", "KF.WebApi.Server", "{0AC3227C-E659-4B41-B340-FE05DD670DE4}"
EndProject
Project("{9A19103F-16F7-4668-BE54-9A1E7A4F7556}") = "KF.WebApi", "KF.WebApi\KF.WebApi.csproj", "{8C06623D-0796-4E83-8901-14FB5FDF662B}"
EndProject
Project("{9A19103F-16F7-4668-BE54-9A1E7A4F7556}") = "KF.Core", "KF.Core\KF.Core.csproj", "{A62DC7FF-0C80-4E74-9976-3E0C726334E8}"
EndProject
Project("{9A19103F-16F7-4668-BE54-9A1E7A4F7556}") = "KF.CommonModel", "KF.CommonModel\KF.CommonModel.csproj", "{3F1BA3F7-A70A-46B3-B127-4BA02266FEB8}"
EndProject
Project("{9A19103F-16F7-4668-BE54-9A1E7A4F7556}") = "KF.Services", "KF.Services\KF.Services.csproj", "{2449D156-B37A-4720-8871-26C5B09EFC97}"
EndProject
Project("{9A19103F-16F7-4668-BE54-9A1E7A4F7556}") = "KF.Service.Tests", "KF.Service.Tests\KF.Service.Tests.csproj", "{A5004C2B-5CED-4390-AECF-16C011A5E728}"
EndProject
Project("{9A19103F-16F7-4668-BE54-9A1E7A4F7556}") = "KF.WPF.Client", "KF.WPF.Client\KF.WPF.Client\KF.WPF.Client.csproj", "{4645A8C3-BC91-479B-8E58-A422BDDC8C9C}"
EndProject
Project("{9A19103F-16F7-4668-BE54-9A1E7A4F7556}") = "KF.WPF.Client.Core", "KF.WPF.Client\KF.WPF.Client.Core\KF.WPF.Client.Core.csproj", "{9BCFA045-06E0-4FFE-944E-E539A529B634}"
EndProject
Project("{9A19103F-16F7-4668-BE54-9A1E7A4F7556}") = "KF.WPF.Client.Services", "KF.WPF.Client\Services\KF.WPF.Client.Services\KF.WPF.Client.Services.csproj", "{B25D3CE9-8B37-4807-A029-62815C84EB3E}"
EndProject
Project("{9A19103F-16F7-4668-BE54-9A1E7A4F7556}") = "KF.WPF.Client.Services.Interfaces", "KF.WPF.Client\Services\KF.WPF.Client.Services.Interfaces\KF.WPF.Client.Services.Interfaces.csproj", "{2CF5495B-9981-452E-ADCA-CB1DDEA8D0CC}"
EndProject
Project("{2150E333-8FDC-42A3-9474-1A3956D46DE8}") = "KF.WPF.Client", "KF.WPF.Client", "{806FF1B1-890C-47AD-8E13-E67FB42CDFD4}"
EndProject
Project("{2150E333-8FDC-42A3-9474-1A3956D46DE8}") = "Modules", "Modules", "{9CC7BC15-988A-4AF6-AF59-43475AB50581}"
EndProject
Project("{FAE04EC0-301F-11D3-BF4B-00C04F79EFBC}") = "Product", "KF.WPF.Client\Modules\Product\Product.csproj", "{209C5A81-DA6F-428B-B162-17BE2B0EF4CA}"
EndProject
Project("{FAE04EC0-301F-11D3-BF4B-00C04F79EFBC}") = "Toolbar", "KF.WPF.Client\Modules\Toolbar\Toolbar.csproj", "{F0450E99-2270-4CB3-A2E7-30187333743B}"
EndProject
Project("{FAE04EC0-301F-11D3-BF4B-00C04F79EFBC}") = "Stock", "KF.WPF.Client\Modules\Stock\Stock.csproj", "{BF6838F4-8BD4-4D7B-9A6C-628174D6B98B}"
EndProject
Project("{FAE04EC0-301F-11D3-BF4B-00C04F79EFBC}") = "User", "KF.WPF.Client\Modules\User\User.csproj", "{DF14AB49-5E69-41D0-B9B8-03419597DEF0}"
EndProject
Global
	GlobalSection(SolutionConfigurationPlatforms) = preSolution
		Debug|Any CPU = Debug|Any CPU
		Release|Any CPU = Release|Any CPU
	EndGlobalSection
	GlobalSection(ProjectConfigurationPlatforms) = postSolution
		{8C06623D-0796-4E83-8901-14FB5FDF662B}.Debug|Any CPU.ActiveCfg = Debug|Any CPU
		{8C06623D-0796-4E83-8901-14FB5FDF662B}.Debug|Any CPU.Build.0 = Debug|Any CPU
		{8C06623D-0796-4E83-8901-14FB5FDF662B}.Release|Any CPU.ActiveCfg = Release|Any CPU
		{8C06623D-0796-4E83-8901-14FB5FDF662B}.Release|Any CPU.Build.0 = Release|Any CPU
		{A62DC7FF-0C80-4E74-9976-3E0C726334E8}.Debug|Any CPU.ActiveCfg = Debug|Any CPU
		{A62DC7FF-0C80-4E74-9976-3E0C726334E8}.Debug|Any CPU.Build.0 = Debug|Any CPU
		{A62DC7FF-0C80-4E74-9976-3E0C726334E8}.Release|Any CPU.ActiveCfg = Release|Any CPU
		{A62DC7FF-0C80-4E74-9976-3E0C726334E8}.Release|Any CPU.Build.0 = Release|Any CPU
		{3F1BA3F7-A70A-46B3-B127-4BA02266FEB8}.Debug|Any CPU.ActiveCfg = Debug|Any CPU
		{3F1BA3F7-A70A-46B3-B127-4BA02266FEB8}.Debug|Any CPU.Build.0 = Debug|Any CPU
		{3F1BA3F7-A70A-46B3-B127-4BA02266FEB8}.Release|Any CPU.ActiveCfg = Release|Any CPU
		{3F1BA3F7-A70A-46B3-B127-4BA02266FEB8}.Release|Any CPU.Build.0 = Release|Any CPU
		{2449D156-B37A-4720-8871-26C5B09EFC97}.Debug|Any CPU.ActiveCfg = Debug|Any CPU
		{2449D156-B37A-4720-8871-26C5B09EFC97}.Debug|Any CPU.Build.0 = Debug|Any CPU
		{2449D156-B37A-4720-8871-26C5B09EFC97}.Release|Any CPU.ActiveCfg = Release|Any CPU
		{2449D156-B37A-4720-8871-26C5B09EFC97}.Release|Any CPU.Build.0 = Release|Any CPU
		{A5004C2B-5CED-4390-AECF-16C011A5E728}.Debug|Any CPU.ActiveCfg = Debug|Any CPU
		{A5004C2B-5CED-4390-AECF-16C011A5E728}.Debug|Any CPU.Build.0 = Debug|Any CPU
		{A5004C2B-5CED-4390-AECF-16C011A5E728}.Release|Any CPU.ActiveCfg = Release|Any CPU
		{A5004C2B-5CED-4390-AECF-16C011A5E728}.Release|Any CPU.Build.0 = Release|Any CPU
		{4645A8C3-BC91-479B-8E58-A422BDDC8C9C}.Debug|Any CPU.ActiveCfg = Debug|Any CPU
		{4645A8C3-BC91-479B-8E58-A422BDDC8C9C}.Debug|Any CPU.Build.0 = Debug|Any CPU
		{4645A8C3-BC91-479B-8E58-A422BDDC8C9C}.Release|Any CPU.ActiveCfg = Release|Any CPU
		{4645A8C3-BC91-479B-8E58-A422BDDC8C9C}.Release|Any CPU.Build.0 = Release|Any CPU
		{9BCFA045-06E0-4FFE-944E-E539A529B634}.Debug|Any CPU.ActiveCfg = Debug|Any CPU
		{9BCFA045-06E0-4FFE-944E-E539A529B634}.Debug|Any CPU.Build.0 = Debug|Any CPU
		{9BCFA045-06E0-4FFE-944E-E539A529B634}.Release|Any CPU.ActiveCfg = Release|Any CPU
		{9BCFA045-06E0-4FFE-944E-E539A529B634}.Release|Any CPU.Build.0 = Release|Any CPU
		{B25D3CE9-8B37-4807-A029-62815C84EB3E}.Debug|Any CPU.ActiveCfg = Debug|Any CPU
		{B25D3CE9-8B37-4807-A029-62815C84EB3E}.Debug|Any CPU.Build.0 = Debug|Any CPU
		{B25D3CE9-8B37-4807-A029-62815C84EB3E}.Release|Any CPU.ActiveCfg = Release|Any CPU
		{B25D3CE9-8B37-4807-A029-62815C84EB3E}.Release|Any CPU.Build.0 = Release|Any CPU
		{2CF5495B-9981-452E-ADCA-CB1DDEA8D0CC}.Debug|Any CPU.ActiveCfg = Debug|Any CPU
		{2CF5495B-9981-452E-ADCA-CB1DDEA8D0CC}.Debug|Any CPU.Build.0 = Debug|Any CPU
		{2CF5495B-9981-452E-ADCA-CB1DDEA8D0CC}.Release|Any CPU.ActiveCfg = Release|Any CPU
		{2CF5495B-9981-452E-ADCA-CB1DDEA8D0CC}.Release|Any CPU.Build.0 = Release|Any CPU
		{209C5A81-DA6F-428B-B162-17BE2B0EF4CA}.Debug|Any CPU.ActiveCfg = Debug|Any CPU
		{209C5A81-DA6F-428B-B162-17BE2B0EF4CA}.Debug|Any CPU.Build.0 = Debug|Any CPU
		{209C5A81-DA6F-428B-B162-17BE2B0EF4CA}.Release|Any CPU.ActiveCfg = Release|Any CPU
		{209C5A81-DA6F-428B-B162-17BE2B0EF4CA}.Release|Any CPU.Build.0 = Release|Any CPU
		{F0450E99-2270-4CB3-A2E7-30187333743B}.Debug|Any CPU.ActiveCfg = Debug|Any CPU
		{F0450E99-2270-4CB3-A2E7-30187333743B}.Debug|Any CPU.Build.0 = Debug|Any CPU
		{F0450E99-2270-4CB3-A2E7-30187333743B}.Release|Any CPU.ActiveCfg = Release|Any CPU
		{F0450E99-2270-4CB3-A2E7-30187333743B}.Release|Any CPU.Build.0 = Release|Any CPU
		{BF6838F4-8BD4-4D7B-9A6C-628174D6B98B}.Debug|Any CPU.ActiveCfg = Debug|Any CPU
		{BF6838F4-8BD4-4D7B-9A6C-628174D6B98B}.Debug|Any CPU.Build.0 = Debug|Any CPU
		{BF6838F4-8BD4-4D7B-9A6C-628174D6B98B}.Release|Any CPU.ActiveCfg = Release|Any CPU
		{BF6838F4-8BD4-4D7B-9A6C-628174D6B98B}.Release|Any CPU.Build.0 = Release|Any CPU
		{DF14AB49-5E69-41D0-B9B8-03419597DEF0}.Debug|Any CPU.ActiveCfg = Debug|Any CPU
		{DF14AB49-5E69-41D0-B9B8-03419597DEF0}.Debug|Any CPU.Build.0 = Debug|Any CPU
		{DF14AB49-5E69-41D0-B9B8-03419597DEF0}.Release|Any CPU.ActiveCfg = Release|Any CPU
		{DF14AB49-5E69-41D0-B9B8-03419597DEF0}.Release|Any CPU.Build.0 = Release|Any CPU
	EndGlobalSection
	GlobalSection(SolutionProperties) = preSolution
		HideSolutionNode = FALSE
	EndGlobalSection
	GlobalSection(NestedProjects) = preSolution
		{8C06623D-0796-4E83-8901-14FB5FDF662B} = {0AC3227C-E659-4B41-B340-FE05DD670DE4}
		{A62DC7FF-0C80-4E74-9976-3E0C726334E8} = {0AC3227C-E659-4B41-B340-FE05DD670DE4}
		{3F1BA3F7-A70A-46B3-B127-4BA02266FEB8} = {0AC3227C-E659-4B41-B340-FE05DD670DE4}
		{2449D156-B37A-4720-8871-26C5B09EFC97} = {0AC3227C-E659-4B41-B340-FE05DD670DE4}
		{A5004C2B-5CED-4390-AECF-16C011A5E728} = {D6D1F7C5-4117-4160-A6AD-C323D29C1CD8}
		{4645A8C3-BC91-479B-8E58-A422BDDC8C9C} = {806FF1B1-890C-47AD-8E13-E67FB42CDFD4}
		{9BCFA045-06E0-4FFE-944E-E539A529B634} = {806FF1B1-890C-47AD-8E13-E67FB42CDFD4}
		{B25D3CE9-8B37-4807-A029-62815C84EB3E} = {806FF1B1-890C-47AD-8E13-E67FB42CDFD4}
		{2CF5495B-9981-452E-ADCA-CB1DDEA8D0CC} = {806FF1B1-890C-47AD-8E13-E67FB42CDFD4}
		{9CC7BC15-988A-4AF6-AF59-43475AB50581} = {806FF1B1-890C-47AD-8E13-E67FB42CDFD4}
		{209C5A81-DA6F-428B-B162-17BE2B0EF4CA} = {9CC7BC15-988A-4AF6-AF59-43475AB50581}
		{F0450E99-2270-4CB3-A2E7-30187333743B} = {9CC7BC15-988A-4AF6-AF59-43475AB50581}
		{BF6838F4-8BD4-4D7B-9A6C-628174D6B98B} = {9CC7BC15-988A-4AF6-AF59-43475AB50581}
		{DF14AB49-5E69-41D0-B9B8-03419597DEF0} = {9CC7BC15-988A-4AF6-AF59-43475AB50581}
	EndGlobalSection
	GlobalSection(ExtensibilityGlobals) = postSolution
		SolutionGuid = {6A97C918-3717-4756-BEBC-79D3C362D9DB}
	EndGlobalSection
EndGlobal
