
Microsoft Visual Studio Solution File, Format Version 12.00
# Visual Studio Version 17
VisualStudioVersion = 17.3.32811.315
MinimumVisualStudioVersion = 10.0.40219.1
Project("{2150E333-8FDC-42A3-9474-1A3956D46DE8}") = "KF.Tests", "KF.Tests", "{D6D1F7C5-4117-4160-A6AD-C323D29C1CD8}"
EndProject
Project("{2150E333-8FDC-42A3-9474-1A3956D46DE8}") = "KF.WebApi.Server", "KF.WebApi.Server", "{0AC3227C-E659-4B41-B340-FE05DD670DE4}"
EndProject
Project("{2150E333-8FDC-42A3-9474-1A3956D46DE8}") = "KF.WPF", "KF.WPF", "{624AFF3A-408B-4B6C-8C9B-57B910380E26}"
EndProject
Project("{9A19103F-16F7-4668-BE54-9A1E7A4F7556}") = "KF.WebApi", "KF.WebApi\KF.WebApi.csproj", "{8C06623D-0796-4E83-8901-14FB5FDF662B}"
EndProject
Project("{9A19103F-16F7-4668-BE54-9A1E7A4F7556}") = "KF.Core", "KF.Core\KF.Core.csproj", "{A62DC7FF-0C80-4E74-9976-3E0C726334E8}"
EndProject
Project("{9A19103F-16F7-4668-BE54-9A1E7A4F7556}") = "KF.CommonModel", "KF.CommonModel\KF.CommonModel.csproj", "{3F1BA3F7-A70A-46B3-B127-4BA02266FEB8}"
EndProject
Project("{9A19103F-16F7-4668-BE54-9A1E7A4F7556}") = "KF.Services", "KF.Services\KF.Services.csproj", "{2449D156-B37A-4720-8871-26C5B09EFC97}"
EndProject
Project("{9A19103F-16F7-4668-BE54-9A1E7A4F7556}") = "KF.Service.Tests", "KF.Service.Tests\KF.Service.Tests.csproj", "{A5004C2B-5CED-4390-AECF-16C011A5E728}"
EndProject
Project("{9A19103F-16F7-4668-BE54-9A1E7A4F7556}") = "WPF.Client", "WPF.Client\WPF.Client\WPF.Client.csproj", "{49ADFEE1-D1AB-4D63-A36C-4EFECC0FFEE9}"
EndProject
Project("{9A19103F-16F7-4668-BE54-9A1E7A4F7556}") = "WPF.Client.Core", "WPF.Client\WPF.Client.Core\WPF.Client.Core.csproj", "{5C23949B-17EF-48ED-A915-84A28D290788}"
EndProject
Project("{9A19103F-16F7-4668-BE54-9A1E7A4F7556}") = "WPF.Client.Modules.ModuleName", "WPF.Client\Modules\WPF.Client.Modules.ModuleName\WPF.Client.Modules.ModuleName.csproj", "{0E3EE1F6-181D-41CF-94A4-0DD7D1159096}"
EndProject
Project("{9A19103F-16F7-4668-BE54-9A1E7A4F7556}") = "WPF.Client.Services", "WPF.Client\Services\WPF.Client.Services\WPF.Client.Services.csproj", "{672FE4C1-4200-446F-9262-AFECF4F685A3}"
EndProject
Project("{9A19103F-16F7-4668-BE54-9A1E7A4F7556}") = "WPF.Client.Services.Interfaces", "WPF.Client\Services\WPF.Client.Services.Interfaces\WPF.Client.Services.Interfaces.csproj", "{3491BA9C-38A2-4ECC-BC5A-ED14ABE0E70D}"
EndProject
Project("{9A19103F-16F7-4668-BE54-9A1E7A4F7556}") = "WPF.Client.Modules.ModuleName.Tests", "WPF.Client\Tests\WPF.Client.Modules.ModuleName.Tests\WPF.Client.Modules.ModuleName.Tests.csproj", "{BAB9D23F-345D-41AB-B0BD-BC8E2F52E89E}"
EndProject
Global
	GlobalSection(SolutionConfigurationPlatforms) = preSolution
		Debug|Any CPU = Debug|Any CPU
		Release|Any CPU = Release|Any CPU
	EndGlobalSection
	GlobalSection(ProjectConfigurationPlatforms) = postSolution
		{8C06623D-0796-4E83-8901-14FB5FDF662B}.Debug|Any CPU.ActiveCfg = Debug|Any CPU
		{8C06623D-0796-4E83-8901-14FB5FDF662B}.Debug|Any CPU.Build.0 = Debug|Any CPU
		{8C06623D-0796-4E83-8901-14FB5FDF662B}.Release|Any CPU.ActiveCfg = Release|Any CPU
		{8C06623D-0796-4E83-8901-14FB5FDF662B}.Release|Any CPU.Build.0 = Release|Any CPU
		{A62DC7FF-0C80-4E74-9976-3E0C726334E8}.Debug|Any CPU.ActiveCfg = Debug|Any CPU
		{A62DC7FF-0C80-4E74-9976-3E0C726334E8}.Debug|Any CPU.Build.0 = Debug|Any CPU
		{A62DC7FF-0C80-4E74-9976-3E0C726334E8}.Release|Any CPU.ActiveCfg = Release|Any CPU
		{A62DC7FF-0C80-4E74-9976-3E0C726334E8}.Release|Any CPU.Build.0 = Release|Any CPU
		{3F1BA3F7-A70A-46B3-B127-4BA02266FEB8}.Debug|Any CPU.ActiveCfg = Debug|Any CPU
		{3F1BA3F7-A70A-46B3-B127-4BA02266FEB8}.Debug|Any CPU.Build.0 = Debug|Any CPU
		{3F1BA3F7-A70A-46B3-B127-4BA02266FEB8}.Release|Any CPU.ActiveCfg = Release|Any CPU
		{3F1BA3F7-A70A-46B3-B127-4BA02266FEB8}.Release|Any CPU.Build.0 = Release|Any CPU
		{2449D156-B37A-4720-8871-26C5B09EFC97}.Debug|Any CPU.ActiveCfg = Debug|Any CPU
		{2449D156-B37A-4720-8871-26C5B09EFC97}.Debug|Any CPU.Build.0 = Debug|Any CPU
		{2449D156-B37A-4720-8871-26C5B09EFC97}.Release|Any CPU.ActiveCfg = Release|Any CPU
		{2449D156-B37A-4720-8871-26C5B09EFC97}.Release|Any CPU.Build.0 = Release|Any CPU
		{A5004C2B-5CED-4390-AECF-16C011A5E728}.Debug|Any CPU.ActiveCfg = Debug|Any CPU
		{A5004C2B-5CED-4390-AECF-16C011A5E728}.Debug|Any CPU.Build.0 = Debug|Any CPU
		{A5004C2B-5CED-4390-AECF-16C011A5E728}.Release|Any CPU.ActiveCfg = Release|Any CPU
		{A5004C2B-5CED-4390-AECF-16C011A5E728}.Release|Any CPU.Build.0 = Release|Any CPU
		{49ADFEE1-D1AB-4D63-A36C-4EFECC0FFEE9}.Debug|Any CPU.ActiveCfg = Debug|Any CPU
		{49ADFEE1-D1AB-4D63-A36C-4EFECC0FFEE9}.Debug|Any CPU.Build.0 = Debug|Any CPU
		{49ADFEE1-D1AB-4D63-A36C-4EFECC0FFEE9}.Release|Any CPU.ActiveCfg = Release|Any CPU
		{49ADFEE1-D1AB-4D63-A36C-4EFECC0FFEE9}.Release|Any CPU.Build.0 = Release|Any CPU
		{5C23949B-17EF-48ED-A915-84A28D290788}.Debug|Any CPU.ActiveCfg = Debug|Any CPU
		{5C23949B-17EF-48ED-A915-84A28D290788}.Debug|Any CPU.Build.0 = Debug|Any CPU
		{5C23949B-17EF-48ED-A915-84A28D290788}.Release|Any CPU.ActiveCfg = Release|Any CPU
		{5C23949B-17EF-48ED-A915-84A28D290788}.Release|Any CPU.Build.0 = Release|Any CPU
		{0E3EE1F6-181D-41CF-94A4-0DD7D1159096}.Debug|Any CPU.ActiveCfg = Debug|Any CPU
		{0E3EE1F6-181D-41CF-94A4-0DD7D1159096}.Debug|Any CPU.Build.0 = Debug|Any CPU
		{0E3EE1F6-181D-41CF-94A4-0DD7D1159096}.Release|Any CPU.ActiveCfg = Release|Any CPU
		{0E3EE1F6-181D-41CF-94A4-0DD7D1159096}.Release|Any CPU.Build.0 = Release|Any CPU
		{672FE4C1-4200-446F-9262-AFECF4F685A3}.Debug|Any CPU.ActiveCfg = Debug|Any CPU
		{672FE4C1-4200-446F-9262-AFECF4F685A3}.Debug|Any CPU.Build.0 = Debug|Any CPU
		{672FE4C1-4200-446F-9262-AFECF4F685A3}.Release|Any CPU.ActiveCfg = Release|Any CPU
		{672FE4C1-4200-446F-9262-AFECF4F685A3}.Release|Any CPU.Build.0 = Release|Any CPU
		{3491BA9C-38A2-4ECC-BC5A-ED14ABE0E70D}.Debug|Any CPU.ActiveCfg = Debug|Any CPU
		{3491BA9C-38A2-4ECC-BC5A-ED14ABE0E70D}.Debug|Any CPU.Build.0 = Debug|Any CPU
		{3491BA9C-38A2-4ECC-BC5A-ED14ABE0E70D}.Release|Any CPU.ActiveCfg = Release|Any CPU
		{3491BA9C-38A2-4ECC-BC5A-ED14ABE0E70D}.Release|Any CPU.Build.0 = Release|Any CPU
		{BAB9D23F-345D-41AB-B0BD-BC8E2F52E89E}.Debug|Any CPU.ActiveCfg = Debug|Any CPU
		{BAB9D23F-345D-41AB-B0BD-BC8E2F52E89E}.Debug|Any CPU.Build.0 = Debug|Any CPU
		{BAB9D23F-345D-41AB-B0BD-BC8E2F52E89E}.Release|Any CPU.ActiveCfg = Release|Any CPU
		{BAB9D23F-345D-41AB-B0BD-BC8E2F52E89E}.Release|Any CPU.Build.0 = Release|Any CPU
	EndGlobalSection
	GlobalSection(SolutionProperties) = preSolution
		HideSolutionNode = FALSE
	EndGlobalSection
	GlobalSection(NestedProjects) = preSolution
		{8C06623D-0796-4E83-8901-14FB5FDF662B} = {0AC3227C-E659-4B41-B340-FE05DD670DE4}
		{A62DC7FF-0C80-4E74-9976-3E0C726334E8} = {0AC3227C-E659-4B41-B340-FE05DD670DE4}
		{3F1BA3F7-A70A-46B3-B127-4BA02266FEB8} = {0AC3227C-E659-4B41-B340-FE05DD670DE4}
		{2449D156-B37A-4720-8871-26C5B09EFC97} = {0AC3227C-E659-4B41-B340-FE05DD670DE4}
		{A5004C2B-5CED-4390-AECF-16C011A5E728} = {D6D1F7C5-4117-4160-A6AD-C323D29C1CD8}
		{49ADFEE1-D1AB-4D63-A36C-4EFECC0FFEE9} = {624AFF3A-408B-4B6C-8C9B-57B910380E26}
		{5C23949B-17EF-48ED-A915-84A28D290788} = {624AFF3A-408B-4B6C-8C9B-57B910380E26}
		{0E3EE1F6-181D-41CF-94A4-0DD7D1159096} = {624AFF3A-408B-4B6C-8C9B-57B910380E26}
		{672FE4C1-4200-446F-9262-AFECF4F685A3} = {624AFF3A-408B-4B6C-8C9B-57B910380E26}
		{3491BA9C-38A2-4ECC-BC5A-ED14ABE0E70D} = {624AFF3A-408B-4B6C-8C9B-57B910380E26}
		{BAB9D23F-345D-41AB-B0BD-BC8E2F52E89E} = {624AFF3A-408B-4B6C-8C9B-57B910380E26}
	EndGlobalSection
	GlobalSection(ExtensibilityGlobals) = postSolution
		SolutionGuid = {6A97C918-3717-4756-BEBC-79D3C362D9DB}
	EndGlobalSection
EndGlobal
